
Microsoft Visual Studio Solution File, Format Version 12.00
# Visual Studio Version 17
VisualStudioVersion = 17.11.35103.136
MinimumVisualStudioVersion = 10.0.40219.1
Project("{888888A0-9F3D-457C-B088-3A5042F75D52}") = "Riverside.Fluid.Runtime", "Runtime\Riverside.Fluid.Runtime.pyproj", "{477906CF-1078-469E-9816-3CD61142D08A}"
EndProject
Global
	GlobalSection(SolutionConfigurationPlatforms) = preSolution
		Debug|Any CPU = Debug|Any CPU
		Release|Any CPU = Release|Any CPU
	EndGlobalSection
	GlobalSection(ProjectConfigurationPlatforms) = postSolution
		{477906CF-1078-469E-9816-3CD61142D08A}.Debug|Any CPU.ActiveCfg = Debug|Any CPU
		{477906CF-1078-469E-9816-3CD61142D08A}.Release|Any CPU.ActiveCfg = Release|Any CPU
	EndGlobalSection
	GlobalSection(SolutionProperties) = preSolution
		HideSolutionNode = FALSE
	EndGlobalSection
	GlobalSection(ExtensibilityGlobals) = postSolution
		SolutionGuid = {729638F9-3730-4097-B425-E536AACEA4B1}
	EndGlobalSection
EndGlobal
